
Microsoft Visual Studio Solution File, Format Version 12.00
# Visual Studio Version 17
VisualStudioVersion = 17.8.34408.163
MinimumVisualStudioVersion = 10.0.40219.1
Project("{FAE04EC0-301F-11D3-BF4B-00C04F79EFBC}") = "LAB_Sheet_01_Q2", "LAB_Sheet_01_Q2\LAB_Sheet_01_Q2.csproj", "{2851F10C-2666-44E3-975F-6CADA58394DB}"
EndProject
Global
	GlobalSection(SolutionConfigurationPlatforms) = preSolution
		Debug|Any CPU = Debug|Any CPU
		Release|Any CPU = Release|Any CPU
	EndGlobalSection
	GlobalSection(ProjectConfigurationPlatforms) = postSolution
		{2851F10C-2666-44E3-975F-6CADA58394DB}.Debug|Any CPU.ActiveCfg = Debug|Any CPU
		{2851F10C-2666-44E3-975F-6CADA58394DB}.Debug|Any CPU.Build.0 = Debug|Any CPU
		{2851F10C-2666-44E3-975F-6CADA58394DB}.Release|Any CPU.ActiveCfg = Release|Any CPU
		{2851F10C-2666-44E3-975F-6CADA58394DB}.Release|Any CPU.Build.0 = Release|Any CPU
	EndGlobalSection
	GlobalSection(SolutionProperties) = preSolution
		HideSolutionNode = FALSE
	EndGlobalSection
	GlobalSection(ExtensibilityGlobals) = postSolution
		SolutionGuid = {1BAF54E2-BB17-46BD-B863-894AB68051E0}
	EndGlobalSection
EndGlobal
